
Microsoft Visual Studio Solution File, Format Version 12.00
# Visual Studio 15
VisualStudioVersion = 15.0.28307.852
MinimumVisualStudioVersion = 10.0.40219.1
Project("{FAE04EC0-301F-11D3-BF4B-00C04F79EFBC}") = "CountryStateDDL", "CountryStateDDL\CountryStateDDL.csproj", "{A322F52E-1C23-442B-8176-723472696066}"
EndProject
Global
	GlobalSection(SolutionConfigurationPlatforms) = preSolution
		Debug|Any CPU = Debug|Any CPU
		Release|Any CPU = Release|Any CPU
	EndGlobalSection
	GlobalSection(ProjectConfigurationPlatforms) = postSolution
		{A322F52E-1C23-442B-8176-723472696066}.Debug|Any CPU.ActiveCfg = Debug|Any CPU
		{A322F52E-1C23-442B-8176-723472696066}.Debug|Any CPU.Build.0 = Debug|Any CPU
		{A322F52E-1C23-442B-8176-723472696066}.Release|Any CPU.ActiveCfg = Release|Any CPU
		{A322F52E-1C23-442B-8176-723472696066}.Release|Any CPU.Build.0 = Release|Any CPU
	EndGlobalSection
	GlobalSection(SolutionProperties) = preSolution
		HideSolutionNode = FALSE
	EndGlobalSection
	GlobalSection(ExtensibilityGlobals) = postSolution
		SolutionGuid = {14B48458-13C0-4C1C-8DCC-49F8A2F6BF50}
	EndGlobalSection
EndGlobal
